# THIS IS AN AUTOGENERATED FILE. DO NOT EDIT THIS FILE DIRECTLY.
# yarn lockfile v1


"@types/node@^13.1.7":
  version "13.1.7"
  resolved "https://registry.yarnpkg.com/@types/node/-/node-13.1.7.tgz#db51d28b8dfacfe4fb2d0da88f5eb0a2eca00675"
  integrity sha512-HU0q9GXazqiKwviVxg9SI/+t/nAsGkvLDkIdxz+ObejG2nX6Si00TeLqHMoS+a/1tjH7a8YpKVQwtgHuMQsldg==
